
Microsoft Visual Studio Solution File, Format Version 12.00
# Visual Studio Version 17
VisualStudioVersion = 17.5.33424.131
MinimumVisualStudioVersion = 10.0.40219.1
Project("{FAE04EC0-301F-11D3-BF4B-00C04F79EFBC}") = "ConsoleDnD", "ConsoleDnD.csproj", "{819F5CE4-3C4F-42C4-A0A9-9ECFE85C2E10}"
EndProject
Global
	GlobalSection(SolutionConfigurationPlatforms) = preSolution
		Debug|Any CPU = Debug|Any CPU
		Release|Any CPU = Release|Any CPU
	EndGlobalSection
	GlobalSection(ProjectConfigurationPlatforms) = postSolution
		{819F5CE4-3C4F-42C4-A0A9-9ECFE85C2E10}.Debug|Any CPU.ActiveCfg = Debug|Any CPU
		{819F5CE4-3C4F-42C4-A0A9-9ECFE85C2E10}.Debug|Any CPU.Build.0 = Debug|Any CPU
		{819F5CE4-3C4F-42C4-A0A9-9ECFE85C2E10}.Release|Any CPU.ActiveCfg = Release|Any CPU
		{819F5CE4-3C4F-42C4-A0A9-9ECFE85C2E10}.Release|Any CPU.Build.0 = Release|Any CPU
	EndGlobalSection
	GlobalSection(SolutionProperties) = preSolution
		HideSolutionNode = FALSE
	EndGlobalSection
	GlobalSection(ExtensibilityGlobals) = postSolution
		SolutionGuid = {C2DE1AF4-6C12-44A1-94D4-3C7EC98D1F3F}
	EndGlobalSection
EndGlobal
